
Microsoft Visual Studio Solution File, Format Version 12.00
# Visual Studio Version 17
VisualStudioVersion = 17.4.33205.214
MinimumVisualStudioVersion = 10.0.40219.1
Project("{FAE04EC0-301F-11D3-BF4B-00C04F79EFBC}") = "pr15", "pr15\pr15.csproj", "{97685082-4E7B-4A18-845B-D48BA370890D}"
EndProject
Global
	GlobalSection(SolutionConfigurationPlatforms) = preSolution
		Debug|Any CPU = Debug|Any CPU
		Release|Any CPU = Release|Any CPU
	EndGlobalSection
	GlobalSection(ProjectConfigurationPlatforms) = postSolution
		{97685082-4E7B-4A18-845B-D48BA370890D}.Debug|Any CPU.ActiveCfg = Debug|Any CPU
		{97685082-4E7B-4A18-845B-D48BA370890D}.Debug|Any CPU.Build.0 = Debug|Any CPU
		{97685082-4E7B-4A18-845B-D48BA370890D}.Release|Any CPU.ActiveCfg = Release|Any CPU
		{97685082-4E7B-4A18-845B-D48BA370890D}.Release|Any CPU.Build.0 = Release|Any CPU
	EndGlobalSection
	GlobalSection(SolutionProperties) = preSolution
		HideSolutionNode = FALSE
	EndGlobalSection
	GlobalSection(ExtensibilityGlobals) = postSolution
		SolutionGuid = {72E94A87-F0A4-46C0-B085-34B0EF2726FF}
	EndGlobalSection
EndGlobal
